
Microsoft Visual Studio Solution File, Format Version 12.00
# Visual Studio Version 17
VisualStudioVersion = 17.4.33213.308
MinimumVisualStudioVersion = 10.0.40219.1
Project("{FAE04EC0-301F-11D3-BF4B-00C04F79EFBC}") = "Project-QuickDraw", "Project-QuickDraw\Project-QuickDraw.csproj", "{BBD15429-FE9E-4AD3-8158-ED64A75582C2}"
EndProject
Global
	GlobalSection(SolutionConfigurationPlatforms) = preSolution
		Debug|Any CPU = Debug|Any CPU
		Release|Any CPU = Release|Any CPU
	EndGlobalSection
	GlobalSection(ProjectConfigurationPlatforms) = postSolution
		{BBD15429-FE9E-4AD3-8158-ED64A75582C2}.Debug|Any CPU.ActiveCfg = Debug|Any CPU
		{BBD15429-FE9E-4AD3-8158-ED64A75582C2}.Debug|Any CPU.Build.0 = Debug|Any CPU
		{BBD15429-FE9E-4AD3-8158-ED64A75582C2}.Release|Any CPU.ActiveCfg = Release|Any CPU
		{BBD15429-FE9E-4AD3-8158-ED64A75582C2}.Release|Any CPU.Build.0 = Release|Any CPU
	EndGlobalSection
	GlobalSection(SolutionProperties) = preSolution
		HideSolutionNode = FALSE
	EndGlobalSection
	GlobalSection(ExtensibilityGlobals) = postSolution
		SolutionGuid = {CBCE31EC-7D42-46BC-9F01-71255EE3EE0A}
	EndGlobalSection
EndGlobal
